
Microsoft Visual Studio Solution File, Format Version 12.00
# Visual Studio Version 16
VisualStudioVersion = 16.0.30225.117
MinimumVisualStudioVersion = 10.0.40219.1
Project("{8BC9CEB8-8B4A-11D0-8D11-00A0C91BC942}") = "Указатели", "Указатели.vcxproj", "{E338B612-6858-4485-B991-715029E9E83C}"
EndProject
Global
	GlobalSection(SolutionConfigurationPlatforms) = preSolution
		Debug|x64 = Debug|x64
		Debug|x86 = Debug|x86
		Release|x64 = Release|x64
		Release|x86 = Release|x86
	EndGlobalSection
	GlobalSection(ProjectConfigurationPlatforms) = postSolution
		{E338B612-6858-4485-B991-715029E9E83C}.Debug|x64.ActiveCfg = Debug|x64
		{E338B612-6858-4485-B991-715029E9E83C}.Debug|x64.Build.0 = Debug|x64
		{E338B612-6858-4485-B991-715029E9E83C}.Debug|x86.ActiveCfg = Debug|Win32
		{E338B612-6858-4485-B991-715029E9E83C}.Debug|x86.Build.0 = Debug|Win32
		{E338B612-6858-4485-B991-715029E9E83C}.Release|x64.ActiveCfg = Release|x64
		{E338B612-6858-4485-B991-715029E9E83C}.Release|x64.Build.0 = Release|x64
		{E338B612-6858-4485-B991-715029E9E83C}.Release|x86.ActiveCfg = Release|Win32
		{E338B612-6858-4485-B991-715029E9E83C}.Release|x86.Build.0 = Release|Win32
	EndGlobalSection
	GlobalSection(SolutionProperties) = preSolution
		HideSolutionNode = FALSE
	EndGlobalSection
	GlobalSection(ExtensibilityGlobals) = postSolution
		SolutionGuid = {F6EA28FB-70A7-4A45-8474-96F29EA69ED5}
	EndGlobalSection
EndGlobal
