
Microsoft Visual Studio Solution File, Format Version 12.00
# Visual Studio Version 17
VisualStudioVersion = 17.7.34031.279
MinimumVisualStudioVersion = 10.0.40219.1
Project("{8BC9CEB8-8B4A-11D0-8D11-00A0C91BC942}") = "minimum_maximal_matching", "minimum_maximal_matching\minimum_maximal_matching.vcxproj", "{8F6F8E42-B4F6-4874-BEF1-D66BBEF99090}"
EndProject
Global
	GlobalSection(SolutionConfigurationPlatforms) = preSolution
		Debug|x64 = Debug|x64
		Debug|x86 = Debug|x86
		Release|x64 = Release|x64
		Release|x86 = Release|x86
	EndGlobalSection
	GlobalSection(ProjectConfigurationPlatforms) = postSolution
		{8F6F8E42-B4F6-4874-BEF1-D66BBEF99090}.Debug|x64.ActiveCfg = Debug|x64
		{8F6F8E42-B4F6-4874-BEF1-D66BBEF99090}.Debug|x64.Build.0 = Debug|x64
		{8F6F8E42-B4F6-4874-BEF1-D66BBEF99090}.Debug|x86.ActiveCfg = Debug|Win32
		{8F6F8E42-B4F6-4874-BEF1-D66BBEF99090}.Debug|x86.Build.0 = Debug|Win32
		{8F6F8E42-B4F6-4874-BEF1-D66BBEF99090}.Release|x64.ActiveCfg = Release|x64
		{8F6F8E42-B4F6-4874-BEF1-D66BBEF99090}.Release|x64.Build.0 = Release|x64
		{8F6F8E42-B4F6-4874-BEF1-D66BBEF99090}.Release|x86.ActiveCfg = Release|Win32
		{8F6F8E42-B4F6-4874-BEF1-D66BBEF99090}.Release|x86.Build.0 = Release|Win32
	EndGlobalSection
	GlobalSection(SolutionProperties) = preSolution
		HideSolutionNode = FALSE
	EndGlobalSection
	GlobalSection(ExtensibilityGlobals) = postSolution
		SolutionGuid = {08D5A894-C9B3-4A76-B8C2-1A4F6F70239D}
	EndGlobalSection
EndGlobal
