
Microsoft Visual Studio Solution File, Format Version 12.00
# Visual Studio Version 16
VisualStudioVersion = 16.0.30225.117
MinimumVisualStudioVersion = 10.0.40219.1
Project("{8BC9CEB8-8B4A-11D0-8D11-00A0C91BC942}") = "Google Test", "Google Test.vcxproj", "{59B8CA15-FE30-4AEA-A6C9-0E190903BDA6}"
EndProject
Project("{8BC9CEB8-8B4A-11D0-8D11-00A0C91BC942}") = "Sample-Test1", "..\Sample-Test1\Sample-Test1.vcxproj", "{F49F9ACD-CF60-4A01-AF7C-CAB9C1DBA499}"
EndProject
Global
	GlobalSection(SolutionConfigurationPlatforms) = preSolution
		Debug|x64 = Debug|x64
		Debug|x86 = Debug|x86
		Release|x64 = Release|x64
		Release|x86 = Release|x86
	EndGlobalSection
	GlobalSection(ProjectConfigurationPlatforms) = postSolution
		{59B8CA15-FE30-4AEA-A6C9-0E190903BDA6}.Debug|x64.ActiveCfg = Debug|x64
		{59B8CA15-FE30-4AEA-A6C9-0E190903BDA6}.Debug|x64.Build.0 = Debug|x64
		{59B8CA15-FE30-4AEA-A6C9-0E190903BDA6}.Debug|x86.ActiveCfg = Debug|Win32
		{59B8CA15-FE30-4AEA-A6C9-0E190903BDA6}.Debug|x86.Build.0 = Debug|Win32
		{59B8CA15-FE30-4AEA-A6C9-0E190903BDA6}.Release|x64.ActiveCfg = Release|x64
		{59B8CA15-FE30-4AEA-A6C9-0E190903BDA6}.Release|x64.Build.0 = Release|x64
		{59B8CA15-FE30-4AEA-A6C9-0E190903BDA6}.Release|x86.ActiveCfg = Release|Win32
		{59B8CA15-FE30-4AEA-A6C9-0E190903BDA6}.Release|x86.Build.0 = Release|Win32
		{F49F9ACD-CF60-4A01-AF7C-CAB9C1DBA499}.Debug|x64.ActiveCfg = Debug|x64
		{F49F9ACD-CF60-4A01-AF7C-CAB9C1DBA499}.Debug|x64.Build.0 = Debug|x64
		{F49F9ACD-CF60-4A01-AF7C-CAB9C1DBA499}.Debug|x86.ActiveCfg = Debug|Win32
		{F49F9ACD-CF60-4A01-AF7C-CAB9C1DBA499}.Debug|x86.Build.0 = Debug|Win32
		{F49F9ACD-CF60-4A01-AF7C-CAB9C1DBA499}.Release|x64.ActiveCfg = Release|x64
		{F49F9ACD-CF60-4A01-AF7C-CAB9C1DBA499}.Release|x64.Build.0 = Release|x64
		{F49F9ACD-CF60-4A01-AF7C-CAB9C1DBA499}.Release|x86.ActiveCfg = Release|Win32
		{F49F9ACD-CF60-4A01-AF7C-CAB9C1DBA499}.Release|x86.Build.0 = Release|Win32
	EndGlobalSection
	GlobalSection(SolutionProperties) = preSolution
		HideSolutionNode = FALSE
	EndGlobalSection
	GlobalSection(ExtensibilityGlobals) = postSolution
		SolutionGuid = {C4B5BB54-2B4F-4AE6-B0D9-6E67223689FD}
	EndGlobalSection
EndGlobal
